
Microsoft Visual Studio Solution File, Format Version 12.00
# Visual Studio Version 17
VisualStudioVersion = 17.4.33213.308
MinimumVisualStudioVersion = 10.0.40219.1
Project("{FAE04EC0-301F-11D3-BF4B-00C04F79EFBC}") = "Odd Lines", "StreamsFilesAndDirectories\Odd Lines.csproj", "{6E32F453-8B0E-4060-B08D-914458C712FD}"
EndProject
Project("{FAE04EC0-301F-11D3-BF4B-00C04F79EFBC}") = "LineNumbers", "LineNumbers\LineNumbers.csproj", "{91A7B649-8C7A-4CFB-9217-FFEA3A14D4F7}"
EndProject
Project("{FAE04EC0-301F-11D3-BF4B-00C04F79EFBC}") = "SplitMergeBinaryFile", "SplitMergeBinaryFile\SplitMergeBinaryFile.csproj", "{C1A004C2-F484-4479-8C97-6200D321B721}"
EndProject
Project("{FAE04EC0-301F-11D3-BF4B-00C04F79EFBC}") = "ExtractSpecialBytes", "ExtractSpecialBytes\ExtractSpecialBytes.csproj", "{06726171-CE94-43D4-8276-93FA2990F215}"
EndProject
Project("{FAE04EC0-301F-11D3-BF4B-00C04F79EFBC}") = "FolderSize", "FolderSize\FolderSize.csproj", "{B46D03E9-05E9-42F8-9590-AD364DB0FBD3}"
EndProject
Global
	GlobalSection(SolutionConfigurationPlatforms) = preSolution
		Debug|Any CPU = Debug|Any CPU
		Release|Any CPU = Release|Any CPU
	EndGlobalSection
	GlobalSection(ProjectConfigurationPlatforms) = postSolution
		{6E32F453-8B0E-4060-B08D-914458C712FD}.Debug|Any CPU.ActiveCfg = Debug|Any CPU
		{6E32F453-8B0E-4060-B08D-914458C712FD}.Debug|Any CPU.Build.0 = Debug|Any CPU
		{6E32F453-8B0E-4060-B08D-914458C712FD}.Release|Any CPU.ActiveCfg = Release|Any CPU
		{6E32F453-8B0E-4060-B08D-914458C712FD}.Release|Any CPU.Build.0 = Release|Any CPU
		{91A7B649-8C7A-4CFB-9217-FFEA3A14D4F7}.Debug|Any CPU.ActiveCfg = Debug|Any CPU
		{91A7B649-8C7A-4CFB-9217-FFEA3A14D4F7}.Debug|Any CPU.Build.0 = Debug|Any CPU
		{91A7B649-8C7A-4CFB-9217-FFEA3A14D4F7}.Release|Any CPU.ActiveCfg = Release|Any CPU
		{91A7B649-8C7A-4CFB-9217-FFEA3A14D4F7}.Release|Any CPU.Build.0 = Release|Any CPU
		{C1A004C2-F484-4479-8C97-6200D321B721}.Debug|Any CPU.ActiveCfg = Debug|Any CPU
		{C1A004C2-F484-4479-8C97-6200D321B721}.Debug|Any CPU.Build.0 = Debug|Any CPU
		{C1A004C2-F484-4479-8C97-6200D321B721}.Release|Any CPU.ActiveCfg = Release|Any CPU
		{C1A004C2-F484-4479-8C97-6200D321B721}.Release|Any CPU.Build.0 = Release|Any CPU
		{06726171-CE94-43D4-8276-93FA2990F215}.Debug|Any CPU.ActiveCfg = Debug|Any CPU
		{06726171-CE94-43D4-8276-93FA2990F215}.Debug|Any CPU.Build.0 = Debug|Any CPU
		{06726171-CE94-43D4-8276-93FA2990F215}.Release|Any CPU.ActiveCfg = Release|Any CPU
		{06726171-CE94-43D4-8276-93FA2990F215}.Release|Any CPU.Build.0 = Release|Any CPU
		{B46D03E9-05E9-42F8-9590-AD364DB0FBD3}.Debug|Any CPU.ActiveCfg = Debug|Any CPU
		{B46D03E9-05E9-42F8-9590-AD364DB0FBD3}.Debug|Any CPU.Build.0 = Debug|Any CPU
		{B46D03E9-05E9-42F8-9590-AD364DB0FBD3}.Release|Any CPU.ActiveCfg = Release|Any CPU
		{B46D03E9-05E9-42F8-9590-AD364DB0FBD3}.Release|Any CPU.Build.0 = Release|Any CPU
	EndGlobalSection
	GlobalSection(SolutionProperties) = preSolution
		HideSolutionNode = FALSE
	EndGlobalSection
	GlobalSection(ExtensibilityGlobals) = postSolution
		SolutionGuid = {A522674D-C651-4D32-94F9-ADC5E24351E3}
	EndGlobalSection
EndGlobal
