
Microsoft Visual Studio Solution File, Format Version 12.00
# Visual Studio Version 17
VisualStudioVersion = 17.4.33213.308
MinimumVisualStudioVersion = 10.0.40219.1
Project("{9A19103F-16F7-4668-BE54-9A1E7A4F7556}") = "AbstractionsExc", "AbstractionsExc\AbstractionsExc.csproj", "{02C16DF3-107F-4262-ABFA-22C2EA7D8C7F}"
EndProject
Project("{9A19103F-16F7-4668-BE54-9A1E7A4F7556}") = "PersonInfo", "PersonInfo\PersonInfo.csproj", "{11F6CA86-59FF-430D-8F49-89CE22D3B23E}"
EndProject
Project("{9A19103F-16F7-4668-BE54-9A1E7A4F7556}") = "Telephony", "Telephony\Telephony.csproj", "{F3D25C24-C2F5-4BB0-B830-243C09A061DD}"
EndProject
Project("{FAE04EC0-301F-11D3-BF4B-00C04F79EFBC}") = "BorderControl", "BorderControl\BorderControl.csproj", "{400BD9DB-AF58-4933-A6BA-E1A3DC57F2DE}"
EndProject
Global
	GlobalSection(SolutionConfigurationPlatforms) = preSolution
		Debug|Any CPU = Debug|Any CPU
		Release|Any CPU = Release|Any CPU
	EndGlobalSection
	GlobalSection(ProjectConfigurationPlatforms) = postSolution
		{02C16DF3-107F-4262-ABFA-22C2EA7D8C7F}.Debug|Any CPU.ActiveCfg = Debug|Any CPU
		{02C16DF3-107F-4262-ABFA-22C2EA7D8C7F}.Debug|Any CPU.Build.0 = Debug|Any CPU
		{02C16DF3-107F-4262-ABFA-22C2EA7D8C7F}.Release|Any CPU.ActiveCfg = Release|Any CPU
		{02C16DF3-107F-4262-ABFA-22C2EA7D8C7F}.Release|Any CPU.Build.0 = Release|Any CPU
		{11F6CA86-59FF-430D-8F49-89CE22D3B23E}.Debug|Any CPU.ActiveCfg = Debug|Any CPU
		{11F6CA86-59FF-430D-8F49-89CE22D3B23E}.Debug|Any CPU.Build.0 = Debug|Any CPU
		{11F6CA86-59FF-430D-8F49-89CE22D3B23E}.Release|Any CPU.ActiveCfg = Release|Any CPU
		{11F6CA86-59FF-430D-8F49-89CE22D3B23E}.Release|Any CPU.Build.0 = Release|Any CPU
		{F3D25C24-C2F5-4BB0-B830-243C09A061DD}.Debug|Any CPU.ActiveCfg = Debug|Any CPU
		{F3D25C24-C2F5-4BB0-B830-243C09A061DD}.Debug|Any CPU.Build.0 = Debug|Any CPU
		{F3D25C24-C2F5-4BB0-B830-243C09A061DD}.Release|Any CPU.ActiveCfg = Release|Any CPU
		{F3D25C24-C2F5-4BB0-B830-243C09A061DD}.Release|Any CPU.Build.0 = Release|Any CPU
		{400BD9DB-AF58-4933-A6BA-E1A3DC57F2DE}.Debug|Any CPU.ActiveCfg = Debug|Any CPU
		{400BD9DB-AF58-4933-A6BA-E1A3DC57F2DE}.Debug|Any CPU.Build.0 = Debug|Any CPU
		{400BD9DB-AF58-4933-A6BA-E1A3DC57F2DE}.Release|Any CPU.ActiveCfg = Release|Any CPU
		{400BD9DB-AF58-4933-A6BA-E1A3DC57F2DE}.Release|Any CPU.Build.0 = Release|Any CPU
	EndGlobalSection
	GlobalSection(SolutionProperties) = preSolution
		HideSolutionNode = FALSE
	EndGlobalSection
	GlobalSection(ExtensibilityGlobals) = postSolution
		SolutionGuid = {76498760-9CA1-4764-A157-E742B94AE1E6}
	EndGlobalSection
EndGlobal
