
Microsoft Visual Studio Solution File, Format Version 12.00
# Visual Studio Version 17
VisualStudioVersion = 17.4.33213.308
MinimumVisualStudioVersion = 10.0.40219.1
Project("{9A19103F-16F7-4668-BE54-9A1E7A4F7556}") = "ReflectionLab", "ReflectionLab\ReflectionLab.csproj", "{F3E8BEF9-D5CF-4169-A6E1-06845C3C00EA}"
EndProject
Project("{9A19103F-16F7-4668-BE54-9A1E7A4F7556}") = "Stealer", "Stealer\Stealer.csproj", "{7641EBAE-B7D5-422C-B336-E7BD6D71AA11}"
EndProject
Project("{FAE04EC0-301F-11D3-BF4B-00C04F79EFBC}") = "AuthorProblem", "AuthorProblem\AuthorProblem.csproj", "{C3C9E8C5-8029-4BF4-A239-988C0214CF41}"
EndProject
Global
	GlobalSection(SolutionConfigurationPlatforms) = preSolution
		Debug|Any CPU = Debug|Any CPU
		Release|Any CPU = Release|Any CPU
	EndGlobalSection
	GlobalSection(ProjectConfigurationPlatforms) = postSolution
		{F3E8BEF9-D5CF-4169-A6E1-06845C3C00EA}.Debug|Any CPU.ActiveCfg = Debug|Any CPU
		{F3E8BEF9-D5CF-4169-A6E1-06845C3C00EA}.Debug|Any CPU.Build.0 = Debug|Any CPU
		{F3E8BEF9-D5CF-4169-A6E1-06845C3C00EA}.Release|Any CPU.ActiveCfg = Release|Any CPU
		{F3E8BEF9-D5CF-4169-A6E1-06845C3C00EA}.Release|Any CPU.Build.0 = Release|Any CPU
		{7641EBAE-B7D5-422C-B336-E7BD6D71AA11}.Debug|Any CPU.ActiveCfg = Debug|Any CPU
		{7641EBAE-B7D5-422C-B336-E7BD6D71AA11}.Debug|Any CPU.Build.0 = Debug|Any CPU
		{7641EBAE-B7D5-422C-B336-E7BD6D71AA11}.Release|Any CPU.ActiveCfg = Release|Any CPU
		{7641EBAE-B7D5-422C-B336-E7BD6D71AA11}.Release|Any CPU.Build.0 = Release|Any CPU
		{C3C9E8C5-8029-4BF4-A239-988C0214CF41}.Debug|Any CPU.ActiveCfg = Debug|Any CPU
		{C3C9E8C5-8029-4BF4-A239-988C0214CF41}.Debug|Any CPU.Build.0 = Debug|Any CPU
		{C3C9E8C5-8029-4BF4-A239-988C0214CF41}.Release|Any CPU.ActiveCfg = Release|Any CPU
		{C3C9E8C5-8029-4BF4-A239-988C0214CF41}.Release|Any CPU.Build.0 = Release|Any CPU
	EndGlobalSection
	GlobalSection(SolutionProperties) = preSolution
		HideSolutionNode = FALSE
	EndGlobalSection
	GlobalSection(ExtensibilityGlobals) = postSolution
		SolutionGuid = {E4076347-CB06-4382-8452-851CEBD9BFF8}
	EndGlobalSection
EndGlobal
