
Microsoft Visual Studio Solution File, Format Version 12.00
# Visual Studio Version 17
VisualStudioVersion = 17.5.33502.453
MinimumVisualStudioVersion = 10.0.40219.1
Project("{FAE04EC0-301F-11D3-BF4B-00C04F79EFBC}") = "ReflectionEXC", "ReflectionEXC\ReflectionEXC.csproj", "{D34CC83E-62A7-4551-8E3F-859B8A80940B}"
EndProject
Project("{FAE04EC0-301F-11D3-BF4B-00C04F79EFBC}") = "CommandPattern", "CommandPattern\CommandPattern.csproj", "{256A9406-8F97-4E24-8982-7D455D61EF48}"
EndProject
Project("{FAE04EC0-301F-11D3-BF4B-00C04F79EFBC}") = "ValidationAttributes", "ValidationAttributes\ValidationAttributes.csproj", "{9064A491-8D81-4B28-9C3A-2B3C71D8F770}"
EndProject
Global
	GlobalSection(SolutionConfigurationPlatforms) = preSolution
		Debug|Any CPU = Debug|Any CPU
		Release|Any CPU = Release|Any CPU
	EndGlobalSection
	GlobalSection(ProjectConfigurationPlatforms) = postSolution
		{D34CC83E-62A7-4551-8E3F-859B8A80940B}.Debug|Any CPU.ActiveCfg = Debug|Any CPU
		{D34CC83E-62A7-4551-8E3F-859B8A80940B}.Debug|Any CPU.Build.0 = Debug|Any CPU
		{D34CC83E-62A7-4551-8E3F-859B8A80940B}.Release|Any CPU.ActiveCfg = Release|Any CPU
		{D34CC83E-62A7-4551-8E3F-859B8A80940B}.Release|Any CPU.Build.0 = Release|Any CPU
		{256A9406-8F97-4E24-8982-7D455D61EF48}.Debug|Any CPU.ActiveCfg = Debug|Any CPU
		{256A9406-8F97-4E24-8982-7D455D61EF48}.Debug|Any CPU.Build.0 = Debug|Any CPU
		{256A9406-8F97-4E24-8982-7D455D61EF48}.Release|Any CPU.ActiveCfg = Release|Any CPU
		{256A9406-8F97-4E24-8982-7D455D61EF48}.Release|Any CPU.Build.0 = Release|Any CPU
		{9064A491-8D81-4B28-9C3A-2B3C71D8F770}.Debug|Any CPU.ActiveCfg = Debug|Any CPU
		{9064A491-8D81-4B28-9C3A-2B3C71D8F770}.Debug|Any CPU.Build.0 = Debug|Any CPU
		{9064A491-8D81-4B28-9C3A-2B3C71D8F770}.Release|Any CPU.ActiveCfg = Release|Any CPU
		{9064A491-8D81-4B28-9C3A-2B3C71D8F770}.Release|Any CPU.Build.0 = Release|Any CPU
	EndGlobalSection
	GlobalSection(SolutionProperties) = preSolution
		HideSolutionNode = FALSE
	EndGlobalSection
	GlobalSection(ExtensibilityGlobals) = postSolution
		SolutionGuid = {79A1D206-FB68-4D06-83AD-754313F97FA9}
	EndGlobalSection
EndGlobal
