
Microsoft Visual Studio Solution File, Format Version 12.00
# Visual Studio Version 17
VisualStudioVersion = 17.4.33213.308
MinimumVisualStudioVersion = 10.0.40219.1
Project("{9A19103F-16F7-4668-BE54-9A1E7A4F7556}") = "MergeFiles", "MergeFiles.csproj", "{970484FB-E54C-48CA-AD00-0DA4BDEF1D99}"
EndProject
Global
	GlobalSection(SolutionConfigurationPlatforms) = preSolution
		Debug|Any CPU = Debug|Any CPU
		Release|Any CPU = Release|Any CPU
	EndGlobalSection
	GlobalSection(ProjectConfigurationPlatforms) = postSolution
		{970484FB-E54C-48CA-AD00-0DA4BDEF1D99}.Debug|Any CPU.ActiveCfg = Debug|Any CPU
		{970484FB-E54C-48CA-AD00-0DA4BDEF1D99}.Debug|Any CPU.Build.0 = Debug|Any CPU
		{970484FB-E54C-48CA-AD00-0DA4BDEF1D99}.Release|Any CPU.ActiveCfg = Release|Any CPU
		{970484FB-E54C-48CA-AD00-0DA4BDEF1D99}.Release|Any CPU.Build.0 = Release|Any CPU
	EndGlobalSection
	GlobalSection(SolutionProperties) = preSolution
		HideSolutionNode = FALSE
	EndGlobalSection
	GlobalSection(ExtensibilityGlobals) = postSolution
		SolutionGuid = {259E82A2-C3A9-41FB-9B05-1D263E4AA4DF}
	EndGlobalSection
EndGlobal
